
Microsoft Visual Studio Solution File, Format Version 12.00
# Visual Studio Version 17
VisualStudioVersion = 17.3.32819.101
MinimumVisualStudioVersion = 10.0.40219.1
Project("{FAE04EC0-301F-11D3-BF4B-00C04F79EFBC}") = "NetSatis.Entities", "NetSatis.Entities\NetSatis.Entities.csproj", "{C44DCA00-7517-45DD-8840-99C1EBEB6B00}"
EndProject
Project("{FAE04EC0-301F-11D3-BF4B-00C04F79EFBC}") = "NetSatis.BackOffice", "NetSatis.BackOffice\NetSatis.BackOffice.csproj", "{1DD08F14-DA2B-411A-98A4-F54612BD619C}"
EndProject
Project("{FAE04EC0-301F-11D3-BF4B-00C04F79EFBC}") = "NetSatis.FrontOffice", "NetSatis.FrontOffice\NetSatis.FrontOffice.csproj", "{7794977B-515C-460F-8230-9C9E8C706489}"
EndProject
Global
	GlobalSection(SolutionConfigurationPlatforms) = preSolution
		Debug|Any CPU = Debug|Any CPU
		Release|Any CPU = Release|Any CPU
	EndGlobalSection
	GlobalSection(ProjectConfigurationPlatforms) = postSolution
		{C44DCA00-7517-45DD-8840-99C1EBEB6B00}.Debug|Any CPU.ActiveCfg = Debug|Any CPU
		{C44DCA00-7517-45DD-8840-99C1EBEB6B00}.Debug|Any CPU.Build.0 = Debug|Any CPU
		{C44DCA00-7517-45DD-8840-99C1EBEB6B00}.Release|Any CPU.ActiveCfg = Release|Any CPU
		{C44DCA00-7517-45DD-8840-99C1EBEB6B00}.Release|Any CPU.Build.0 = Release|Any CPU
		{1DD08F14-DA2B-411A-98A4-F54612BD619C}.Debug|Any CPU.ActiveCfg = Debug|Any CPU
		{1DD08F14-DA2B-411A-98A4-F54612BD619C}.Debug|Any CPU.Build.0 = Debug|Any CPU
		{1DD08F14-DA2B-411A-98A4-F54612BD619C}.Release|Any CPU.ActiveCfg = Release|Any CPU
		{1DD08F14-DA2B-411A-98A4-F54612BD619C}.Release|Any CPU.Build.0 = Release|Any CPU
		{7794977B-515C-460F-8230-9C9E8C706489}.Debug|Any CPU.ActiveCfg = Debug|Any CPU
		{7794977B-515C-460F-8230-9C9E8C706489}.Debug|Any CPU.Build.0 = Debug|Any CPU
		{7794977B-515C-460F-8230-9C9E8C706489}.Release|Any CPU.ActiveCfg = Release|Any CPU
		{7794977B-515C-460F-8230-9C9E8C706489}.Release|Any CPU.Build.0 = Release|Any CPU
	EndGlobalSection
	GlobalSection(SolutionProperties) = preSolution
		HideSolutionNode = FALSE
	EndGlobalSection
	GlobalSection(ExtensibilityGlobals) = postSolution
		SolutionGuid = {7FAC94BC-6073-47F5-BD74-A8CBF213108F}
	EndGlobalSection
EndGlobal
