
Microsoft Visual Studio Solution File, Format Version 12.00
# Visual Studio Version 16
VisualStudioVersion = 16.0.32929.386
MinimumVisualStudioVersion = 10.0.40219.1
Project("{FAE04EC0-301F-11D3-BF4B-00C04F79EFBC}") = "NetSatis.Entities", "NetSatis.Entities\NetSatis.Entities.csproj", "{C44DCA00-7517-45DD-8840-99C1EBEB6B00}"
EndProject
Project("{FAE04EC0-301F-11D3-BF4B-00C04F79EFBC}") = "NetSatis.BackOffice", "NetSatis.BackOffice\NetSatis.BackOffice.csproj", "{D94E96B6-AA94-4774-BACB-32E887839F9C}"
EndProject
Global
	GlobalSection(SolutionConfigurationPlatforms) = preSolution
		Debug|Any CPU = Debug|Any CPU
		Release|Any CPU = Release|Any CPU
	EndGlobalSection
	GlobalSection(ProjectConfigurationPlatforms) = postSolution
		{C44DCA00-7517-45DD-8840-99C1EBEB6B00}.Debug|Any CPU.ActiveCfg = Debug|Any CPU
		{C44DCA00-7517-45DD-8840-99C1EBEB6B00}.Debug|Any CPU.Build.0 = Debug|Any CPU
		{C44DCA00-7517-45DD-8840-99C1EBEB6B00}.Release|Any CPU.ActiveCfg = Release|Any CPU
		{C44DCA00-7517-45DD-8840-99C1EBEB6B00}.Release|Any CPU.Build.0 = Release|Any CPU
		{D94E96B6-AA94-4774-BACB-32E887839F9C}.Debug|Any CPU.ActiveCfg = Debug|Any CPU
		{D94E96B6-AA94-4774-BACB-32E887839F9C}.Debug|Any CPU.Build.0 = Debug|Any CPU
		{D94E96B6-AA94-4774-BACB-32E887839F9C}.Release|Any CPU.ActiveCfg = Release|Any CPU
		{D94E96B6-AA94-4774-BACB-32E887839F9C}.Release|Any CPU.Build.0 = Release|Any CPU
	EndGlobalSection
	GlobalSection(SolutionProperties) = preSolution
		HideSolutionNode = FALSE
	EndGlobalSection
	GlobalSection(ExtensibilityGlobals) = postSolution
		SolutionGuid = {7FAC94BC-6073-47F5-BD74-A8CBF213108F}
	EndGlobalSection
EndGlobal
